// !$*UTF8*$!
{
	archiveVersion = 1;
	classes = {
	};
	objectVersion = 50;
	objects = {

/* Begin PBXBuildFile section */
		1C2D786322B904A2005F9C38 /* main.m in Sources */ = {isa = PBXBuildFile; fileRef = 1C2D786222B904A2005F9C38 /* main.m */; };
		DA077D92235892C0009BA952 /* libEndpointSecurity.tbd in Frameworks */ = {isa = PBXBuildFile; fileRef = DA077D91235892C0009BA952 /* libEndpointSecurity.tbd */; };
		DA70B1BC247C01930004DB6A /* AppDelegate.m in Sources */ = {isa = PBXBuildFile; fileRef = DA70B1BB247C01930004DB6A /* AppDelegate.m */; };
		DA70B1BE247C01990004DB6A /* Assets.xcassets in Resources */ = {isa = PBXBuildFile; fileRef = DA70B1BD247C01990004DB6A /* Assets.xcassets */; };
		DA70B1C1247C01990004DB6A /* MainMenu.xib in Resources */ = {isa = PBXBuildFile; fileRef = DA70B1BF247C01990004DB6A /* MainMenu.xib */; };
		DA70B1C4247C01990004DB6A /* main.m in Sources */ = {isa = PBXBuildFile; fileRef = DA70B1C3247C01990004DB6A /* main.m */; };
/* End PBXBuildFile section */

/* Begin PBXFileReference section */
		1C2D785F22B904A2005F9C38 /* EndpointSecurityTest */ = {isa = PBXFileReference; explicitFileType = "compiled.mach-o.executable"; includeInIndex = 0; path = EndpointSecurityTest; sourceTree = BUILT_PRODUCTS_DIR; };
		1C2D786222B904A2005F9C38 /* main.m */ = {isa = PBXFileReference; lastKnownFileType = sourcecode.c.objc; path = main.m; sourceTree = "<group>"; };
		DA077D91235892C0009BA952 /* libEndpointSecurity.tbd */ = {isa = PBXFileReference; lastKnownFileType = "sourcecode.text-based-dylib-definition"; name = libEndpointSecurity.tbd; path = usr/lib/libEndpointSecurity.tbd; sourceTree = SDKROOT; };
		DA70B1B8247C01930004DB6A /* EndpointSecurityTestApp.app */ = {isa = PBXFileReference; explicitFileType = wrapper.application; includeInIndex = 0; path = EndpointSecurityTestApp.app; sourceTree = BUILT_PRODUCTS_DIR; };
		DA70B1BA247C01930004DB6A /* AppDelegate.h */ = {isa = PBXFileReference; lastKnownFileType = sourcecode.c.h; path = AppDelegate.h; sourceTree = "<group>"; };
		DA70B1BB247C01930004DB6A /* AppDelegate.m */ = {isa = PBXFileReference; lastKnownFileType = sourcecode.c.objc; path = AppDelegate.m; sourceTree = "<group>"; };
		DA70B1BD247C01990004DB6A /* Assets.xcassets */ = {isa = PBXFileReference; lastKnownFileType = folder.assetcatalog; path = Assets.xcassets; sourceTree = "<group>"; };
		DA70B1C0247C01990004DB6A /* Base */ = {isa = PBXFileReference; lastKnownFileType = file.xib; name = Base; path = Base.lproj/MainMenu.xib; sourceTree = "<group>"; };
		DA70B1C2247C01990004DB6A /* Info.plist */ = {isa = PBXFileReference; lastKnownFileType = text.plist.xml; path = Info.plist; sourceTree = "<group>"; };
		DA70B1C3247C01990004DB6A /* main.m */ = {isa = PBXFileReference; lastKnownFileType = sourcecode.c.objc; path = main.m; sourceTree = "<group>"; };
		DA70B1C5247C01990004DB6A /* EndpointSecurityTestApp.entitlements */ = {isa = PBXFileReference; lastKnownFileType = text.plist.entitlements; path = EndpointSecurityTestApp.entitlements; sourceTree = "<group>"; };
/* End PBXFileReference section */

/* Begin PBXFrameworksBuildPhase section */
		1C2D785C22B904A2005F9C38 /* Frameworks */ = {
			isa = PBXFrameworksBuildPhase;
			buildActionMask = 2147483647;
			files = (
				DA077D92235892C0009BA952 /* libEndpointSecurity.tbd in Frameworks */,
			);
			runOnlyForDeploymentPostprocessing = 0;
		};
		DA70B1B5247C01930004DB6A /* Frameworks */ = {
			isa = PBXFrameworksBuildPhase;
			buildActionMask = 2147483647;
			files = (
			);
			runOnlyForDeploymentPostprocessing = 0;
		};
/* End PBXFrameworksBuildPhase section */

/* Begin PBXGroup section */
		1C2D785622B904A2005F9C38 = {
			isa = PBXGroup;
			children = (
				1C2D786122B904A2005F9C38 /* EndpointSecurityTest */,
				DA70B1B9247C01930004DB6A /* EndpointSecurityTestApp */,
				1C2D786022B904A2005F9C38 /* Products */,
				DA077D90235892BF009BA952 /* Frameworks */,
			);
			sourceTree = "<group>";
		};
		1C2D786022B904A2005F9C38 /* Products */ = {
			isa = PBXGroup;
			children = (
				1C2D785F22B904A2005F9C38 /* EndpointSecurityTest */,
				DA70B1B8247C01930004DB6A /* EndpointSecurityTestApp.app */,
			);
			name = Products;
			sourceTree = "<group>";
		};
		1C2D786122B904A2005F9C38 /* EndpointSecurityTest */ = {
			isa = PBXGroup;
			children = (
				1C2D786222B904A2005F9C38 /* main.m */,
			);
			path = EndpointSecurityTest;
			sourceTree = "<group>";
		};
		DA077D90235892BF009BA952 /* Frameworks */ = {
			isa = PBXGroup;
			children = (
				DA077D91235892C0009BA952 /* libEndpointSecurity.tbd */,
			);
			name = Frameworks;
			sourceTree = "<group>";
		};
		DA70B1B9247C01930004DB6A /* EndpointSecurityTestApp */ = {
			isa = PBXGroup;
			children = (
				DA70B1BA247C01930004DB6A /* AppDelegate.h */,
				DA70B1BB247C01930004DB6A /* AppDelegate.m */,
				DA70B1BD247C01990004DB6A /* Assets.xcassets */,
				DA70B1BF247C01990004DB6A /* MainMenu.xib */,
				DA70B1C2247C01990004DB6A /* Info.plist */,
				DA70B1C3247C01990004DB6A /* main.m */,
				DA70B1C5247C01990004DB6A /* EndpointSecurityTestApp.entitlements */,
			);
			path = EndpointSecurityTestApp;
			sourceTree = "<group>";
		};
/* End PBXGroup section */

/* Begin PBXNativeTarget section */
		1C2D785E22B904A2005F9C38 /* EndpointSecurityTest */ = {
			isa = PBXNativeTarget;
			buildConfigurationList = 1C2D786622B904A2005F9C38 /* Build configuration list for PBXNativeTarget "EndpointSecurityTest" */;
			buildPhases = (
				1C2D785B22B904A2005F9C38 /* Sources */,
				1C2D785C22B904A2005F9C38 /* Frameworks */,
			);
			buildRules = (
			);
			dependencies = (
			);
			name = EndpointSecurityTest;
			productName = EndpointSecurityTest;
			productReference = 1C2D785F22B904A2005F9C38 /* EndpointSecurityTest */;
			productType = "com.apple.product-type.tool";
		};
		DA70B1B7247C01930004DB6A /* EndpointSecurityTestApp */ = {
			isa = PBXNativeTarget;
			buildConfigurationList = DA70B1C6247C01990004DB6A /* Build configuration list for PBXNativeTarget "EndpointSecurityTestApp" */;
			buildPhases = (
				DA70B1B4247C01930004DB6A /* Sources */,
				DA70B1B5247C01930004DB6A /* Frameworks */,
				DA70B1B6247C01930004DB6A /* Resources */,
			);
			buildRules = (
			);
			dependencies = (
			);
			name = EndpointSecurityTestApp;
			productName = EndpointSecurityTestApp;
			productReference = DA70B1B8247C01930004DB6A /* EndpointSecurityTestApp.app */;
			productType = "com.apple.product-type.application";
		};
/* End PBXNativeTarget section */

/* Begin PBXProject section */
		1C2D785722B904A2005F9C38 /* Project object */ = {
			isa = PBXProject;
			attributes = {
				LastUpgradeCheck = 1100;
				ORGANIZATIONNAME = "Timm Kandziora";
				TargetAttributes = {
					1C2D785E22B904A2005F9C38 = {
						CreatedOnToolsVersion = 11.0;
					};
					DA70B1B7247C01930004DB6A = {
						CreatedOnToolsVersion = 11.5;
					};
				};
			};
			buildConfigurationList = 1C2D785A22B904A2005F9C38 /* Build configuration list for PBXProject "EndpointSecurityTest" */;
			compatibilityVersion = "Xcode 9.3";
			developmentRegion = en;
			hasScannedForEncodings = 0;
			knownRegions = (
				en,
				Base,
			);
			mainGroup = 1C2D785622B904A2005F9C38;
			productRefGroup = 1C2D786022B904A2005F9C38 /* Products */;
			projectDirPath = "";
			projectRoot = "";
			targets = (
				1C2D785E22B904A2005F9C38 /* EndpointSecurityTest */,
				DA70B1B7247C01930004DB6A /* EndpointSecurityTestApp */,
			);
		};
/* End PBXProject section */

/* Begin PBXResourcesBuildPhase section */
		DA70B1B6247C01930004DB6A /* Resources */ = {
			isa = PBXResourcesBuildPhase;
			buildActionMask = 2147483647;
			files = (
				DA70B1BE247C01990004DB6A /* Assets.xcassets in Resources */,
				DA70B1C1247C01990004DB6A /* MainMenu.xib in Resources */,
			);
			runOnlyForDeploymentPostprocessing = 0;
		};
/* End PBXResourcesBuildPhase section */

/* Begin PBXSourcesBuildPhase section */
		1C2D785B22B904A2005F9C38 /* Sources */ = {
			isa = PBXSourcesBuildPhase;
			buildActionMask = 2147483647;
			files = (
				1C2D786322B904A2005F9C38 /* main.m in Sources */,
			);
			runOnlyForDeploymentPostprocessing = 0;
		};
		DA70B1B4247C01930004DB6A /* Sources */ = {
			isa = PBXSourcesBuildPhase;
			buildActionMask = 2147483647;
			files = (
				DA70B1C4247C01990004DB6A /* main.m in Sources */,
				DA70B1BC247C01930004DB6A /* AppDelegate.m in Sources */,
			);
			runOnlyForDeploymentPostprocessing = 0;
		};
/* End PBXSourcesBuildPhase section */

/* Begin PBXVariantGroup section */
		DA70B1BF247C01990004DB6A /* MainMenu.xib */ = {
			isa = PBXVariantGroup;
			children = (
				DA70B1C0247C01990004DB6A /* Base */,
			);
			name = MainMenu.xib;
			sourceTree = "<group>";
		};
/* End PBXVariantGroup section */

/* Begin XCBuildConfiguration section */
		1C2D786422B904A2005F9C38 /* Debug */ = {
			isa = XCBuildConfiguration;
			buildSettings = {
				ALWAYS_SEARCH_USER_PATHS = NO;
				CLANG_ANALYZER_NONNULL = YES;
				CLANG_ANALYZER_NUMBER_OBJECT_CONVERSION = YES_AGGRESSIVE;
				CLANG_CXX_LANGUAGE_STANDARD = "gnu++14";
				CLANG_CXX_LIBRARY = "libc++";
				CLANG_ENABLE_MODULES = YES;
				CLANG_ENABLE_OBJC_ARC = YES;
				CLANG_ENABLE_OBJC_WEAK = YES;
				CLANG_WARN_BLOCK_CAPTURE_AUTORELEASING = YES;
				CLANG_WARN_BOOL_CONVERSION = YES;
				CLANG_WARN_COMMA = YES;
				CLANG_WARN_CONSTANT_CONVERSION = YES;
				CLANG_WARN_DEPRECATED_OBJC_IMPLEMENTATIONS = YES;
				CLANG_WARN_DIRECT_OBJC_ISA_USAGE = YES_ERROR;
				CLANG_WARN_DOCUMENTATION_COMMENTS = YES;
				CLANG_WARN_EMPTY_BODY = YES;
				CLANG_WARN_ENUM_CONVERSION = YES;
				CLANG_WARN_INFINITE_RECURSION = YES;
				CLANG_WARN_INT_CONVERSION = YES;
				CLANG_WARN_NON_LITERAL_NULL_CONVERSION = YES;
				CLANG_WARN_OBJC_IMPLICIT_RETAIN_SELF = YES;
				CLANG_WARN_OBJC_LITERAL_CONVERSION = YES;
				CLANG_WARN_OBJC_ROOT_CLASS = YES_ERROR;
				CLANG_WARN_RANGE_LOOP_ANALYSIS = YES;
				CLANG_WARN_STRICT_PROTOTYPES = YES;
				CLANG_WARN_SUSPICIOUS_MOVE = YES;
				CLANG_WARN_UNGUARDED_AVAILABILITY = YES_AGGRESSIVE;
				CLANG_WARN_UNREACHABLE_CODE = YES;
				CLANG_WARN__DUPLICATE_METHOD_MATCH = YES;
				COPY_PHASE_STRIP = NO;
				DEBUG_INFORMATION_FORMAT = dwarf;
				ENABLE_STRICT_OBJC_MSGSEND = YES;
				ENABLE_TESTABILITY = YES;
				GCC_C_LANGUAGE_STANDARD = gnu11;
				GCC_DYNAMIC_NO_PIC = NO;
				GCC_NO_COMMON_BLOCKS = YES;
				GCC_OPTIMIZATION_LEVEL = 0;
				GCC_PREPROCESSOR_DEFINITIONS = (
					"DEBUG=1",
					"$(inherited)",
				);
				GCC_WARN_64_TO_32_BIT_CONVERSION = YES;
				GCC_WARN_ABOUT_RETURN_TYPE = YES_ERROR;
				GCC_WARN_UNDECLARED_SELECTOR = YES;
				GCC_WARN_UNINITIALIZED_AUTOS = YES_AGGRESSIVE;
				GCC_WARN_UNUSED_FUNCTION = YES;
				GCC_WARN_UNUSED_VARIABLE = YES;
				MACOSX_DEPLOYMENT_TARGET = 10.15;
				MTL_ENABLE_DEBUG_INFO = INCLUDE_SOURCE;
				MTL_FAST_MATH = YES;
				ONLY_ACTIVE_ARCH = YES;
				SDKROOT = macosx;
			};
			name = Debug;
		};
		1C2D786522B904A2005F9C38 /* Release */ = {
			isa = XCBuildConfiguration;
			buildSettings = {
				ALWAYS_SEARCH_USER_PATHS = NO;
				CLANG_ANALYZER_NONNULL = YES;
				CLANG_ANALYZER_NUMBER_OBJECT_CONVERSION = YES_AGGRESSIVE;
				CLANG_CXX_LANGUAGE_STANDARD = "gnu++14";
				CLANG_CXX_LIBRARY = "libc++";
				CLANG_ENABLE_MODULES = YES;
				CLANG_ENABLE_OBJC_ARC = YES;
				CLANG_ENABLE_OBJC_WEAK = YES;
				CLANG_WARN_BLOCK_CAPTURE_AUTORELEASING = YES;
				CLANG_WARN_BOOL_CONVERSION = YES;
				CLANG_WARN_COMMA = YES;
				CLANG_WARN_CONSTANT_CONVERSION = YES;
				CLANG_WARN_DEPRECATED_OBJC_IMPLEMENTATIONS = YES;
				CLANG_WARN_DIRECT_OBJC_ISA_USAGE = YES_ERROR;
				CLANG_WARN_DOCUMENTATION_COMMENTS = YES;
				CLANG_WARN_EMPTY_BODY = YES;
				CLANG_WARN_ENUM_CONVERSION = YES;
				CLANG_WARN_INFINITE_RECURSION = YES;
				CLANG_WARN_INT_CONVERSION = YES;
				CLANG_WARN_NON_LITERAL_NULL_CONVERSION = YES;
				CLANG_WARN_OBJC_IMPLICIT_RETAIN_SELF = YES;
				CLANG_WARN_OBJC_LITERAL_CONVERSION = YES;
				CLANG_WARN_OBJC_ROOT_CLASS = YES_ERROR;
				CLANG_WARN_RANGE_LOOP_ANALYSIS = YES;
				CLANG_WARN_STRICT_PROTOTYPES = YES;
				CLANG_WARN_SUSPICIOUS_MOVE = YES;
				CLANG_WARN_UNGUARDED_AVAILABILITY = YES_AGGRESSIVE;
				CLANG_WARN_UNREACHABLE_CODE = YES;
				CLANG_WARN__DUPLICATE_METHOD_MATCH = YES;
				COPY_PHASE_STRIP = NO;
				DEBUG_INFORMATION_FORMAT = "dwarf-with-dsym";
				ENABLE_NS_ASSERTIONS = NO;
				ENABLE_STRICT_OBJC_MSGSEND = YES;
				GCC_C_LANGUAGE_STANDARD = gnu11;
				GCC_NO_COMMON_BLOCKS = YES;
				GCC_WARN_64_TO_32_BIT_CONVERSION = YES;
				GCC_WARN_ABOUT_RETURN_TYPE = YES_ERROR;
				GCC_WARN_UNDECLARED_SELECTOR = YES;
				GCC_WARN_UNINITIALIZED_AUTOS = YES_AGGRESSIVE;
				GCC_WARN_UNUSED_FUNCTION = YES;
				GCC_WARN_UNUSED_VARIABLE = YES;
				MACOSX_DEPLOYMENT_TARGET = 10.15;
				MTL_ENABLE_DEBUG_INFO = NO;
				MTL_FAST_MATH = YES;
				SDKROOT = macosx;
			};
			name = Release;
		};
		1C2D786722B904A2005F9C38 /* Debug */ = {
			isa = XCBuildConfiguration;
			buildSettings = {
				PRODUCT_NAME = "$(TARGET_NAME)";
			};
			name = Debug;
		};
		1C2D786822B904A2005F9C38 /* Release */ = {
			isa = XCBuildConfiguration;
			buildSettings = {
				PRODUCT_NAME = "$(TARGET_NAME)";
			};
			name = Release;
		};
		DA70B1C7247C01990004DB6A /* Debug */ = {
			isa = XCBuildConfiguration;
			buildSettings = {
				ASSETCATALOG_COMPILER_APPICON_NAME = AppIcon;
				CODE_SIGN_ENTITLEMENTS = EndpointSecurityTestApp/EndpointSecurityTestApp.entitlements;
				CODE_SIGN_STYLE = Automatic;
				COMBINE_HIDPI_IMAGES = YES;
				DEVELOPMENT_TEAM = XS293XGL58;
				ENABLE_HARDENED_RUNTIME = YES;
				INFOPLIST_FILE = EndpointSecurityTestApp/Info.plist;
				LD_RUNPATH_SEARCH_PATHS = (
					"$(inherited)",
					"@executable_path/../Frameworks",
				);
				PRODUCT_BUNDLE_IDENTIFIER = com.GTB.EndpointSecurityTestApp;
				PRODUCT_NAME = "$(TARGET_NAME)";
			};
			name = Debug;
		};
		DA70B1C8247C01990004DB6A /* Release */ = {
			isa = XCBuildConfiguration;
			buildSettings = {
				ASSETCATALOG_COMPILER_APPICON_NAME = AppIcon;
				CODE_SIGN_ENTITLEMENTS = EndpointSecurityTestApp/EndpointSecurityTestApp.entitlements;
				CODE_SIGN_STYLE = Automatic;
				COMBINE_HIDPI_IMAGES = YES;
				DEVELOPMENT_TEAM = XS293XGL58;
				ENABLE_HARDENED_RUNTIME = YES;
				INFOPLIST_FILE = EndpointSecurityTestApp/Info.plist;
				LD_RUNPATH_SEARCH_PATHS = (
					"$(inherited)",
					"@executable_path/../Frameworks",
				);
				PRODUCT_BUNDLE_IDENTIFIER = com.GTB.EndpointSecurityTestApp;
				PRODUCT_NAME = "$(TARGET_NAME)";
			};
			name = Release;
		};
/* End XCBuildConfiguration section */

/* Begin XCConfigurationList section */
		1C2D785A22B904A2005F9C38 /* Build configuration list for PBXProject "EndpointSecurityTest" */ = {
			isa = XCConfigurationList;
			buildConfigurations = (
				1C2D786422B904A2005F9C38 /* Debug */,
				1C2D786522B904A2005F9C38 /* Release */,
			);
			defaultConfigurationIsVisible = 0;
			defaultConfigurationName = Release;
		};
		1C2D786622B904A2005F9C38 /* Build configuration list for PBXNativeTarget "EndpointSecurityTest" */ = {
			isa = XCConfigurationList;
			buildConfigurations = (
				1C2D786722B904A2005F9C38 /* Debug */,
				1C2D786822B904A2005F9C38 /* Release */,
			);
			defaultConfigurationIsVisible = 0;
			defaultConfigurationName = Release;
		};
		DA70B1C6247C01990004DB6A /* Build configuration list for PBXNativeTarget "EndpointSecurityTestApp" */ = {
			isa = XCConfigurationList;
			buildConfigurations = (
				DA70B1C7247C01990004DB6A /* Debug */,
				DA70B1C8247C01990004DB6A /* Release */,
			);
			defaultConfigurationIsVisible = 0;
			defaultConfigurationName = Release;
		};
/* End XCConfigurationList section */
	};
	rootObject = 1C2D785722B904A2005F9C38 /* Project object */;
}
